
Microsoft Visual Studio Solution File, Format Version 12.00
# Visual Studio Version 16
VisualStudioVersion = 16.0.31129.286
MinimumVisualStudioVersion = 10.0.40219.1
Project("{8BC9CEB8-8B4A-11D0-8D11-00A0C91BC942}") = "lab14(hash)", "lab14(hash).vcxproj", "{5BF33083-AFE8-4D8A-A948-A269C83EA389}"
EndProject
Global
	GlobalSection(SolutionConfigurationPlatforms) = preSolution
		Debug|x64 = Debug|x64
		Debug|x86 = Debug|x86
		Release|x64 = Release|x64
		Release|x86 = Release|x86
	EndGlobalSection
	GlobalSection(ProjectConfigurationPlatforms) = postSolution
		{5BF33083-AFE8-4D8A-A948-A269C83EA389}.Debug|x64.ActiveCfg = Debug|x64
		{5BF33083-AFE8-4D8A-A948-A269C83EA389}.Debug|x64.Build.0 = Debug|x64
		{5BF33083-AFE8-4D8A-A948-A269C83EA389}.Debug|x86.ActiveCfg = Debug|Win32
		{5BF33083-AFE8-4D8A-A948-A269C83EA389}.Debug|x86.Build.0 = Debug|Win32
		{5BF33083-AFE8-4D8A-A948-A269C83EA389}.Release|x64.ActiveCfg = Release|x64
		{5BF33083-AFE8-4D8A-A948-A269C83EA389}.Release|x64.Build.0 = Release|x64
		{5BF33083-AFE8-4D8A-A948-A269C83EA389}.Release|x86.ActiveCfg = Release|Win32
		{5BF33083-AFE8-4D8A-A948-A269C83EA389}.Release|x86.Build.0 = Release|Win32
	EndGlobalSection
	GlobalSection(SolutionProperties) = preSolution
		HideSolutionNode = FALSE
	EndGlobalSection
	GlobalSection(ExtensibilityGlobals) = postSolution
		SolutionGuid = {ECB9A713-AE44-4851-A395-1E3D5BF9E438}
	EndGlobalSection
EndGlobal
