
Microsoft Visual Studio Solution File, Format Version 12.00
# Visual Studio Version 16
VisualStudioVersion = 16.0.31129.286
MinimumVisualStudioVersion = 10.0.40219.1
Project("{8BC9CEB8-8B4A-11D0-8D11-00A0C91BC942}") = "lab8-정찬진", "lab8-정찬진.vcxproj", "{612BF478-A187-4A74-AF9B-617F93E433BD}"
EndProject
Global
	GlobalSection(SolutionConfigurationPlatforms) = preSolution
		Debug|x64 = Debug|x64
		Debug|x86 = Debug|x86
		Release|x64 = Release|x64
		Release|x86 = Release|x86
	EndGlobalSection
	GlobalSection(ProjectConfigurationPlatforms) = postSolution
		{612BF478-A187-4A74-AF9B-617F93E433BD}.Debug|x64.ActiveCfg = Debug|x64
		{612BF478-A187-4A74-AF9B-617F93E433BD}.Debug|x64.Build.0 = Debug|x64
		{612BF478-A187-4A74-AF9B-617F93E433BD}.Debug|x86.ActiveCfg = Debug|Win32
		{612BF478-A187-4A74-AF9B-617F93E433BD}.Debug|x86.Build.0 = Debug|Win32
		{612BF478-A187-4A74-AF9B-617F93E433BD}.Release|x64.ActiveCfg = Release|x64
		{612BF478-A187-4A74-AF9B-617F93E433BD}.Release|x64.Build.0 = Release|x64
		{612BF478-A187-4A74-AF9B-617F93E433BD}.Release|x86.ActiveCfg = Release|Win32
		{612BF478-A187-4A74-AF9B-617F93E433BD}.Release|x86.Build.0 = Release|Win32
	EndGlobalSection
	GlobalSection(SolutionProperties) = preSolution
		HideSolutionNode = FALSE
	EndGlobalSection
	GlobalSection(ExtensibilityGlobals) = postSolution
		SolutionGuid = {4F21F656-4B8D-43CA-A749-D0C9D1980442}
	EndGlobalSection
EndGlobal
