
Microsoft Visual Studio Solution File, Format Version 12.00
# Visual Studio Version 16
VisualStudioVersion = 16.0.31105.61
MinimumVisualStudioVersion = 10.0.40219.1
Project("{8BC9CEB8-8B4A-11D0-8D11-00A0C91BC942}") = "lab2-1.정찬진", "lab2-1.정찬진.vcxproj", "{51CF4774-0715-4F7A-98A9-1C61B3BAC84E}"
EndProject
Global
	GlobalSection(SolutionConfigurationPlatforms) = preSolution
		Debug|x64 = Debug|x64
		Debug|x86 = Debug|x86
		Release|x64 = Release|x64
		Release|x86 = Release|x86
	EndGlobalSection
	GlobalSection(ProjectConfigurationPlatforms) = postSolution
		{51CF4774-0715-4F7A-98A9-1C61B3BAC84E}.Debug|x64.ActiveCfg = Debug|x64
		{51CF4774-0715-4F7A-98A9-1C61B3BAC84E}.Debug|x64.Build.0 = Debug|x64
		{51CF4774-0715-4F7A-98A9-1C61B3BAC84E}.Debug|x86.ActiveCfg = Debug|Win32
		{51CF4774-0715-4F7A-98A9-1C61B3BAC84E}.Debug|x86.Build.0 = Debug|Win32
		{51CF4774-0715-4F7A-98A9-1C61B3BAC84E}.Release|x64.ActiveCfg = Release|x64
		{51CF4774-0715-4F7A-98A9-1C61B3BAC84E}.Release|x64.Build.0 = Release|x64
		{51CF4774-0715-4F7A-98A9-1C61B3BAC84E}.Release|x86.ActiveCfg = Release|Win32
		{51CF4774-0715-4F7A-98A9-1C61B3BAC84E}.Release|x86.Build.0 = Release|Win32
	EndGlobalSection
	GlobalSection(SolutionProperties) = preSolution
		HideSolutionNode = FALSE
	EndGlobalSection
	GlobalSection(ExtensibilityGlobals) = postSolution
		SolutionGuid = {B5A0FECA-E772-46EF-A8C3-BA0D9A75407A}
	EndGlobalSection
EndGlobal
